
Microsoft Visual Studio Solution File, Format Version 12.00
# Visual Studio Version 17
VisualStudioVersion = 17.2.32616.157
MinimumVisualStudioVersion = 10.0.40219.1
Project("{FAE04EC0-301F-11D3-BF4B-00C04F79EFBC}") = "ATMApp", "ATMApp.csproj", "{09022300-887A-43C0-9B8F-A7939E44AEB1}"
EndProject
Global
	GlobalSection(SolutionConfigurationPlatforms) = preSolution
		Debug|Any CPU = Debug|Any CPU
		Release|Any CPU = Release|Any CPU
	EndGlobalSection
	GlobalSection(ProjectConfigurationPlatforms) = postSolution
		{09022300-887A-43C0-9B8F-A7939E44AEB1}.Debug|Any CPU.ActiveCfg = Debug|Any CPU
		{09022300-887A-43C0-9B8F-A7939E44AEB1}.Debug|Any CPU.Build.0 = Debug|Any CPU
		{09022300-887A-43C0-9B8F-A7939E44AEB1}.Release|Any CPU.ActiveCfg = Release|Any CPU
		{09022300-887A-43C0-9B8F-A7939E44AEB1}.Release|Any CPU.Build.0 = Release|Any CPU
	EndGlobalSection
	GlobalSection(SolutionProperties) = preSolution
		HideSolutionNode = FALSE
	EndGlobalSection
	GlobalSection(ExtensibilityGlobals) = postSolution
		SolutionGuid = {58576452-5392-402C-83CB-382359CBCB37}
	EndGlobalSection
EndGlobal
